
Microsoft Visual Studio Solution File, Format Version 12.00
# Visual Studio Version 17
VisualStudioVersion = 17.0.32126.317
MinimumVisualStudioVersion = 10.0.40219.1
Project("{FAE04EC0-301F-11D3-BF4B-00C04F79EFBC}") = "KC_20_Gimalova_lab9_var4", "KC_20_Gimalova_lab9_var4\KC_20_Gimalova_lab9_var4.csproj", "{AC7A183E-61D9-4735-83AF-E194323F29D0}"
EndProject
Global
	GlobalSection(SolutionConfigurationPlatforms) = preSolution
		Debug|Any CPU = Debug|Any CPU
		Release|Any CPU = Release|Any CPU
	EndGlobalSection
	GlobalSection(ProjectConfigurationPlatforms) = postSolution
		{AC7A183E-61D9-4735-83AF-E194323F29D0}.Debug|Any CPU.ActiveCfg = Debug|Any CPU
		{AC7A183E-61D9-4735-83AF-E194323F29D0}.Debug|Any CPU.Build.0 = Debug|Any CPU
		{AC7A183E-61D9-4735-83AF-E194323F29D0}.Release|Any CPU.ActiveCfg = Release|Any CPU
		{AC7A183E-61D9-4735-83AF-E194323F29D0}.Release|Any CPU.Build.0 = Release|Any CPU
	EndGlobalSection
	GlobalSection(SolutionProperties) = preSolution
		HideSolutionNode = FALSE
	EndGlobalSection
	GlobalSection(ExtensibilityGlobals) = postSolution
		SolutionGuid = {64910293-A654-4492-B447-BF69706A7D8E}
	EndGlobalSection
EndGlobal
